
Microsoft Visual Studio Solution File, Format Version 12.00
# Visual Studio Version 17
VisualStudioVersion = 17.8.34330.188
MinimumVisualStudioVersion = 10.0.40219.1
Project("{FAE04EC0-301F-11D3-BF4B-00C04F79EFBC}") = "Test", "Test\Test.csproj", "{084ADD18-BC15-4529-BBC7-76FB98FE802D}"
EndProject
Global
	GlobalSection(SolutionConfigurationPlatforms) = preSolution
		Debug|Any CPU = Debug|Any CPU
		Release|Any CPU = Release|Any CPU
	EndGlobalSection
	GlobalSection(ProjectConfigurationPlatforms) = postSolution
		{084ADD18-BC15-4529-BBC7-76FB98FE802D}.Debug|Any CPU.ActiveCfg = Debug|Any CPU
		{084ADD18-BC15-4529-BBC7-76FB98FE802D}.Debug|Any CPU.Build.0 = Debug|Any CPU
		{084ADD18-BC15-4529-BBC7-76FB98FE802D}.Release|Any CPU.ActiveCfg = Release|Any CPU
		{084ADD18-BC15-4529-BBC7-76FB98FE802D}.Release|Any CPU.Build.0 = Release|Any CPU
	EndGlobalSection
	GlobalSection(SolutionProperties) = preSolution
		HideSolutionNode = FALSE
	EndGlobalSection
	GlobalSection(ExtensibilityGlobals) = postSolution
		SolutionGuid = {EE0EC569-F6D5-4106-9E41-5F58A98EB0F7}
	EndGlobalSection
EndGlobal
